// !$*UTF8*$!
{
	archiveVersion = 1;
	classes = {
	};
	objectVersion = 56;
	objects = {

/* Begin PBXBuildFile section */
		F317557A29FC8FA5002CC59E /* TodoContainer.xcdatamodeld in Sources */ = {isa = PBXBuildFile; fileRef = F317557829FC8FA5002CC59E /* TodoContainer.xcdatamodeld */; };
		F317557C29FCB76A002CC59E /* TodoDetail.swift in Sources */ = {isa = PBXBuildFile; fileRef = F317557B29FCB76A002CC59E /* TodoDetail.swift */; };
		F376495629FCFEE9006AEC23 /* MainViewList.swift in Sources */ = {isa = PBXBuildFile; fileRef = F376495529FCFEE9006AEC23 /* MainViewList.swift */; };
		F376495829FE3ABF006AEC23 /* Service.swift in Sources */ = {isa = PBXBuildFile; fileRef = F376495729FE3ABF006AEC23 /* Service.swift */; };
		F3BD174D2A008E190031C7A3 /* EditTodoView.swift in Sources */ = {isa = PBXBuildFile; fileRef = F3BD174C2A008E190031C7A3 /* EditTodoView.swift */; };
		F3FA1D9E29B30CE40093B908 /* TodoApp.swift in Sources */ = {isa = PBXBuildFile; fileRef = F3FA1D9D29B30CE40093B908 /* TodoApp.swift */; };
		F3FA1DA029B30CE40093B908 /* MainView.swift in Sources */ = {isa = PBXBuildFile; fileRef = F3FA1D9F29B30CE40093B908 /* MainView.swift */; };
		F3FA1DA229B30CE40093B908 /* Assets.xcassets in Resources */ = {isa = PBXBuildFile; fileRef = F3FA1DA129B30CE40093B908 /* Assets.xcassets */; };
		F3FA1DA529B30CE40093B908 /* Preview Assets.xcassets in Resources */ = {isa = PBXBuildFile; fileRef = F3FA1DA429B30CE40093B908 /* Preview Assets.xcassets */; };
		F3FA1DAF29B30D160093B908 /* Todo.swift in Sources */ = {isa = PBXBuildFile; fileRef = F3FA1DAE29B30D160093B908 /* Todo.swift */; };
		F3FA1DB129B30D610093B908 /* DataModel.swift in Sources */ = {isa = PBXBuildFile; fileRef = F3FA1DB029B30D610093B908 /* DataModel.swift */; };
		F3FA1DB529B3149A0093B908 /* AddTodoView.swift in Sources */ = {isa = PBXBuildFile; fileRef = F3FA1DB429B3149A0093B908 /* AddTodoView.swift */; };
		F3FA1DB829B326840093B908 /* TodoRowView.swift in Sources */ = {isa = PBXBuildFile; fileRef = F3FA1DB729B326840093B908 /* TodoRowView.swift */; };
/* End PBXBuildFile section */

/* Begin PBXFileReference section */
		F317557929FC8FA5002CC59E /* Todo.xcdatamodel */ = {isa = PBXFileReference; lastKnownFileType = wrapper.xcdatamodel; path = Todo.xcdatamodel; sourceTree = "<group>"; };
		F317557B29FCB76A002CC59E /* TodoDetail.swift */ = {isa = PBXFileReference; lastKnownFileType = sourcecode.swift; path = TodoDetail.swift; sourceTree = "<group>"; };
		F376495529FCFEE9006AEC23 /* MainViewList.swift */ = {isa = PBXFileReference; lastKnownFileType = sourcecode.swift; path = MainViewList.swift; sourceTree = "<group>"; };
		F376495729FE3ABF006AEC23 /* Service.swift */ = {isa = PBXFileReference; lastKnownFileType = sourcecode.swift; path = Service.swift; sourceTree = "<group>"; };
		F3BD174C2A008E190031C7A3 /* EditTodoView.swift */ = {isa = PBXFileReference; lastKnownFileType = sourcecode.swift; path = EditTodoView.swift; sourceTree = "<group>"; };
		F3FA1D9A29B30CE40093B908 /* Todo.app */ = {isa = PBXFileReference; explicitFileType = wrapper.application; includeInIndex = 0; path = Todo.app; sourceTree = BUILT_PRODUCTS_DIR; };
		F3FA1D9D29B30CE40093B908 /* TodoApp.swift */ = {isa = PBXFileReference; lastKnownFileType = sourcecode.swift; path = TodoApp.swift; sourceTree = "<group>"; };
		F3FA1D9F29B30CE40093B908 /* MainView.swift */ = {isa = PBXFileReference; lastKnownFileType = sourcecode.swift; path = MainView.swift; sourceTree = "<group>"; };
		F3FA1DA129B30CE40093B908 /* Assets.xcassets */ = {isa = PBXFileReference; lastKnownFileType = folder.assetcatalog; path = Assets.xcassets; sourceTree = "<group>"; };
		F3FA1DA429B30CE40093B908 /* Preview Assets.xcassets */ = {isa = PBXFileReference; lastKnownFileType = folder.assetcatalog; path = "Preview Assets.xcassets"; sourceTree = "<group>"; };
		F3FA1DAE29B30D160093B908 /* Todo.swift */ = {isa = PBXFileReference; lastKnownFileType = sourcecode.swift; path = Todo.swift; sourceTree = "<group>"; };
		F3FA1DB029B30D610093B908 /* DataModel.swift */ = {isa = PBXFileReference; lastKnownFileType = sourcecode.swift; path = DataModel.swift; sourceTree = "<group>"; };
		F3FA1DB429B3149A0093B908 /* AddTodoView.swift */ = {isa = PBXFileReference; lastKnownFileType = sourcecode.swift; path = AddTodoView.swift; sourceTree = "<group>"; };
		F3FA1DB729B326840093B908 /* TodoRowView.swift */ = {isa = PBXFileReference; lastKnownFileType = sourcecode.swift; path = TodoRowView.swift; sourceTree = "<group>"; };
/* End PBXFileReference section */

/* Begin PBXFrameworksBuildPhase section */
		F3FA1D9729B30CE40093B908 /* Frameworks */ = {
			isa = PBXFrameworksBuildPhase;
			buildActionMask = 2147483647;
			files = (
			);
			runOnlyForDeploymentPostprocessing = 0;
		};
/* End PBXFrameworksBuildPhase section */

/* Begin PBXGroup section */
		F3FA1D9129B30CE40093B908 = {
			isa = PBXGroup;
			children = (
				F3FA1D9C29B30CE40093B908 /* Todo */,
				F3FA1D9B29B30CE40093B908 /* Products */,
			);
			sourceTree = "<group>";
		};
		F3FA1D9B29B30CE40093B908 /* Products */ = {
			isa = PBXGroup;
			children = (
				F3FA1D9A29B30CE40093B908 /* Todo.app */,
			);
			name = Products;
			sourceTree = "<group>";
		};
		F3FA1D9C29B30CE40093B908 /* Todo */ = {
			isa = PBXGroup;
			children = (
				F3FA1DB629B326600093B908 /* Componets */,
				F3FA1DAD29B30D060093B908 /* Model */,
				F3FA1DAC29B30D000093B908 /* View Model */,
				F3FA1DAB29B30CFA0093B908 /* View */,
				F3FA1D9D29B30CE40093B908 /* TodoApp.swift */,
				F376495729FE3ABF006AEC23 /* Service.swift */,
				F3FA1DA129B30CE40093B908 /* Assets.xcassets */,
				F3FA1DA329B30CE40093B908 /* Preview Content */,
				F317557829FC8FA5002CC59E /* TodoContainer.xcdatamodeld */,
			);
			path = Todo;
			sourceTree = "<group>";
		};
		F3FA1DA329B30CE40093B908 /* Preview Content */ = {
			isa = PBXGroup;
			children = (
				F3FA1DA429B30CE40093B908 /* Preview Assets.xcassets */,
			);
			path = "Preview Content";
			sourceTree = "<group>";
		};
		F3FA1DAB29B30CFA0093B908 /* View */ = {
			isa = PBXGroup;
			children = (
				F3FA1D9F29B30CE40093B908 /* MainView.swift */,
				F3FA1DB429B3149A0093B908 /* AddTodoView.swift */,
				F317557B29FCB76A002CC59E /* TodoDetail.swift */,
				F3BD174C2A008E190031C7A3 /* EditTodoView.swift */,
			);
			path = View;
			sourceTree = "<group>";
		};
		F3FA1DAC29B30D000093B908 /* View Model */ = {
			isa = PBXGroup;
			children = (
				F3FA1DB029B30D610093B908 /* DataModel.swift */,
			);
			path = "View Model";
			sourceTree = "<group>";
		};
		F3FA1DAD29B30D060093B908 /* Model */ = {
			isa = PBXGroup;
			children = (
				F3FA1DAE29B30D160093B908 /* Todo.swift */,
			);
			path = Model;
			sourceTree = "<group>";
		};
		F3FA1DB629B326600093B908 /* Componets */ = {
			isa = PBXGroup;
			children = (
				F3FA1DB729B326840093B908 /* TodoRowView.swift */,
				F376495529FCFEE9006AEC23 /* MainViewList.swift */,
			);
			path = Componets;
			sourceTree = "<group>";
		};
/* End PBXGroup section */

/* Begin PBXNativeTarget section */
		F3FA1D9929B30CE40093B908 /* Todo */ = {
			isa = PBXNativeTarget;
			buildConfigurationList = F3FA1DA829B30CE40093B908 /* Build configuration list for PBXNativeTarget "Todo" */;
			buildPhases = (
				F3FA1D9629B30CE40093B908 /* Sources */,
				F3FA1D9729B30CE40093B908 /* Frameworks */,
				F3FA1D9829B30CE40093B908 /* Resources */,
			);
			buildRules = (
			);
			dependencies = (
			);
			name = Todo;
			productName = Todo;
			productReference = F3FA1D9A29B30CE40093B908 /* Todo.app */;
			productType = "com.apple.product-type.application";
		};
/* End PBXNativeTarget section */

/* Begin PBXProject section */
		F3FA1D9229B30CE40093B908 /* Project object */ = {
			isa = PBXProject;
			attributes = {
				BuildIndependentTargetsInParallel = 1;
				LastSwiftUpdateCheck = 1420;
				LastUpgradeCheck = 1420;
				TargetAttributes = {
					F3FA1D9929B30CE40093B908 = {
						CreatedOnToolsVersion = 14.2;
					};
				};
			};
			buildConfigurationList = F3FA1D9529B30CE40093B908 /* Build configuration list for PBXProject "Todo" */;
			compatibilityVersion = "Xcode 14.0";
			developmentRegion = en;
			hasScannedForEncodings = 0;
			knownRegions = (
				en,
				Base,
			);
			mainGroup = F3FA1D9129B30CE40093B908;
			productRefGroup = F3FA1D9B29B30CE40093B908 /* Products */;
			projectDirPath = "";
			projectRoot = "";
			targets = (
				F3FA1D9929B30CE40093B908 /* Todo */,
			);
		};
/* End PBXProject section */

/* Begin PBXResourcesBuildPhase section */
		F3FA1D9829B30CE40093B908 /* Resources */ = {
			isa = PBXResourcesBuildPhase;
			buildActionMask = 2147483647;
			files = (
				F3FA1DA529B30CE40093B908 /* Preview Assets.xcassets in Resources */,
				F3FA1DA229B30CE40093B908 /* Assets.xcassets in Resources */,
			);
			runOnlyForDeploymentPostprocessing = 0;
		};
/* End PBXResourcesBuildPhase section */

/* Begin PBXSourcesBuildPhase section */
		F3FA1D9629B30CE40093B908 /* Sources */ = {
			isa = PBXSourcesBuildPhase;
			buildActionMask = 2147483647;
			files = (
				F3FA1DA029B30CE40093B908 /* MainView.swift in Sources */,
				F317557A29FC8FA5002CC59E /* TodoContainer.xcdatamodeld in Sources */,
				F3FA1DB829B326840093B908 /* TodoRowView.swift in Sources */,
				F376495629FCFEE9006AEC23 /* MainViewList.swift in Sources */,
				F3FA1DB129B30D610093B908 /* DataModel.swift in Sources */,
				F317557C29FCB76A002CC59E /* TodoDetail.swift in Sources */,
				F3FA1DAF29B30D160093B908 /* Todo.swift in Sources */,
				F3BD174D2A008E190031C7A3 /* EditTodoView.swift in Sources */,
				F376495829FE3ABF006AEC23 /* Service.swift in Sources */,
				F3FA1D9E29B30CE40093B908 /* TodoApp.swift in Sources */,
				F3FA1DB529B3149A0093B908 /* AddTodoView.swift in Sources */,
			);
			runOnlyForDeploymentPostprocessing = 0;
		};
/* End PBXSourcesBuildPhase section */

/* Begin XCBuildConfiguration section */
		F3FA1DA629B30CE40093B908 /* Debug */ = {
			isa = XCBuildConfiguration;
			buildSettings = {
				ALWAYS_SEARCH_USER_PATHS = NO;
				CLANG_ANALYZER_NONNULL = YES;
				CLANG_ANALYZER_NUMBER_OBJECT_CONVERSION = YES_AGGRESSIVE;
				CLANG_CXX_LANGUAGE_STANDARD = "gnu++20";
				CLANG_ENABLE_MODULES = YES;
				CLANG_ENABLE_OBJC_ARC = YES;
				CLANG_ENABLE_OBJC_WEAK = YES;
				CLANG_WARN_BLOCK_CAPTURE_AUTORELEASING = YES;
				CLANG_WARN_BOOL_CONVERSION = YES;
				CLANG_WARN_COMMA = YES;
				CLANG_WARN_CONSTANT_CONVERSION = YES;
				CLANG_WARN_DEPRECATED_OBJC_IMPLEMENTATIONS = YES;
				CLANG_WARN_DIRECT_OBJC_ISA_USAGE = YES_ERROR;
				CLANG_WARN_DOCUMENTATION_COMMENTS = YES;
				CLANG_WARN_EMPTY_BODY = YES;
				CLANG_WARN_ENUM_CONVERSION = YES;
				CLANG_WARN_INFINITE_RECURSION = YES;
				CLANG_WARN_INT_CONVERSION = YES;
				CLANG_WARN_NON_LITERAL_NULL_CONVERSION = YES;
				CLANG_WARN_OBJC_IMPLICIT_RETAIN_SELF = YES;
				CLANG_WARN_OBJC_LITERAL_CONVERSION = YES;
				CLANG_WARN_OBJC_ROOT_CLASS = YES_ERROR;
				CLANG_WARN_QUOTED_INCLUDE_IN_FRAMEWORK_HEADER = YES;
				CLANG_WARN_RANGE_LOOP_ANALYSIS = YES;
				CLANG_WARN_STRICT_PROTOTYPES = YES;
				CLANG_WARN_SUSPICIOUS_MOVE = YES;
				CLANG_WARN_UNGUARDED_AVAILABILITY = YES_AGGRESSIVE;
				CLANG_WARN_UNREACHABLE_CODE = YES;
				CLANG_WARN__DUPLICATE_METHOD_MATCH = YES;
				COPY_PHASE_STRIP = NO;
				DEBUG_INFORMATION_FORMAT = dwarf;
				ENABLE_STRICT_OBJC_MSGSEND = YES;
				ENABLE_TESTABILITY = YES;
				GCC_C_LANGUAGE_STANDARD = gnu11;
				GCC_DYNAMIC_NO_PIC = NO;
				GCC_NO_COMMON_BLOCKS = YES;
				GCC_OPTIMIZATION_LEVEL = 0;
				GCC_PREPROCESSOR_DEFINITIONS = (
					"DEBUG=1",
					"$(inherited)",
				);
				GCC_WARN_64_TO_32_BIT_CONVERSION = YES;
				GCC_WARN_ABOUT_RETURN_TYPE = YES_ERROR;
				GCC_WARN_UNDECLARED_SELECTOR = YES;
				GCC_WARN_UNINITIALIZED_AUTOS = YES_AGGRESSIVE;
				GCC_WARN_UNUSED_FUNCTION = YES;
				GCC_WARN_UNUSED_VARIABLE = YES;
				IPHONEOS_DEPLOYMENT_TARGET = 16.2;
				MTL_ENABLE_DEBUG_INFO = INCLUDE_SOURCE;
				MTL_FAST_MATH = YES;
				ONLY_ACTIVE_ARCH = YES;
				SDKROOT = iphoneos;
				SWIFT_ACTIVE_COMPILATION_CONDITIONS = DEBUG;
				SWIFT_OPTIMIZATION_LEVEL = "-Onone";
			};
			name = Debug;
		};
		F3FA1DA729B30CE40093B908 /* Release */ = {
			isa = XCBuildConfiguration;
			buildSettings = {
				ALWAYS_SEARCH_USER_PATHS = NO;
				CLANG_ANALYZER_NONNULL = YES;
				CLANG_ANALYZER_NUMBER_OBJECT_CONVERSION = YES_AGGRESSIVE;
				CLANG_CXX_LANGUAGE_STANDARD = "gnu++20";
				CLANG_ENABLE_MODULES = YES;
				CLANG_ENABLE_OBJC_ARC = YES;
				CLANG_ENABLE_OBJC_WEAK = YES;
				CLANG_WARN_BLOCK_CAPTURE_AUTORELEASING = YES;
				CLANG_WARN_BOOL_CONVERSION = YES;
				CLANG_WARN_COMMA = YES;
				CLANG_WARN_CONSTANT_CONVERSION = YES;
				CLANG_WARN_DEPRECATED_OBJC_IMPLEMENTATIONS = YES;
				CLANG_WARN_DIRECT_OBJC_ISA_USAGE = YES_ERROR;
				CLANG_WARN_DOCUMENTATION_COMMENTS = YES;
				CLANG_WARN_EMPTY_BODY = YES;
				CLANG_WARN_ENUM_CONVERSION = YES;
				CLANG_WARN_INFINITE_RECURSION = YES;
				CLANG_WARN_INT_CONVERSION = YES;
				CLANG_WARN_NON_LITERAL_NULL_CONVERSION = YES;
				CLANG_WARN_OBJC_IMPLICIT_RETAIN_SELF = YES;
				CLANG_WARN_OBJC_LITERAL_CONVERSION = YES;
				CLANG_WARN_OBJC_ROOT_CLASS = YES_ERROR;
				CLANG_WARN_QUOTED_INCLUDE_IN_FRAMEWORK_HEADER = YES;
				CLANG_WARN_RANGE_LOOP_ANALYSIS = YES;
				CLANG_WARN_STRICT_PROTOTYPES = YES;
				CLANG_WARN_SUSPICIOUS_MOVE = YES;
				CLANG_WARN_UNGUARDED_AVAILABILITY = YES_AGGRESSIVE;
				CLANG_WARN_UNREACHABLE_CODE = YES;
				CLANG_WARN__DUPLICATE_METHOD_MATCH = YES;
				COPY_PHASE_STRIP = NO;
				DEBUG_INFORMATION_FORMAT = "dwarf-with-dsym";
				ENABLE_NS_ASSERTIONS = NO;
				ENABLE_STRICT_OBJC_MSGSEND = YES;
				GCC_C_LANGUAGE_STANDARD = gnu11;
				GCC_NO_COMMON_BLOCKS = YES;
				GCC_WARN_64_TO_32_BIT_CONVERSION = YES;
				GCC_WARN_ABOUT_RETURN_TYPE = YES_ERROR;
				GCC_WARN_UNDECLARED_SELECTOR = YES;
				GCC_WARN_UNINITIALIZED_AUTOS = YES_AGGRESSIVE;
				GCC_WARN_UNUSED_FUNCTION = YES;
				GCC_WARN_UNUSED_VARIABLE = YES;
				IPHONEOS_DEPLOYMENT_TARGET = 16.2;
				MTL_ENABLE_DEBUG_INFO = NO;
				MTL_FAST_MATH = YES;
				SDKROOT = iphoneos;
				SWIFT_COMPILATION_MODE = wholemodule;
				SWIFT_OPTIMIZATION_LEVEL = "-O";
				VALIDATE_PRODUCT = YES;
			};
			name = Release;
		};
		F3FA1DA929B30CE40093B908 /* Debug */ = {
			isa = XCBuildConfiguration;
			buildSettings = {
				ASSETCATALOG_COMPILER_APPICON_NAME = AppIcon;
				ASSETCATALOG_COMPILER_GLOBAL_ACCENT_COLOR_NAME = AccentColor;
				CODE_SIGN_STYLE = Automatic;
				CURRENT_PROJECT_VERSION = 1;
				DEVELOPMENT_ASSET_PATHS = "\"Todo/Preview Content\"";
				DEVELOPMENT_TEAM = QG3YZK6HZG;
				ENABLE_PREVIEWS = YES;
				GENERATE_INFOPLIST_FILE = YES;
				INFOPLIST_KEY_UIApplicationSceneManifest_Generation = YES;
				INFOPLIST_KEY_UIApplicationSupportsIndirectInputEvents = YES;
				INFOPLIST_KEY_UILaunchScreen_Generation = YES;
				INFOPLIST_KEY_UISupportedInterfaceOrientations_iPad = "UIInterfaceOrientationPortrait UIInterfaceOrientationPortraitUpsideDown UIInterfaceOrientationLandscapeLeft UIInterfaceOrientationLandscapeRight";
				INFOPLIST_KEY_UISupportedInterfaceOrientations_iPhone = "UIInterfaceOrientationPortrait UIInterfaceOrientationLandscapeLeft UIInterfaceOrientationLandscapeRight";
				IPHONEOS_DEPLOYMENT_TARGET = 16.0;
				LD_RUNPATH_SEARCH_PATHS = (
					"$(inherited)",
					"@executable_path/Frameworks",
				);
				MARKETING_VERSION = 1.0;
				PRODUCT_BUNDLE_IDENTIFIER = me.Thomas.Howard.Todo;
				PRODUCT_NAME = "$(TARGET_NAME)";
				SWIFT_EMIT_LOC_STRINGS = YES;
				SWIFT_VERSION = 5.0;
				TARGETED_DEVICE_FAMILY = "1,2";
			};
			name = Debug;
		};
		F3FA1DAA29B30CE40093B908 /* Release */ = {
			isa = XCBuildConfiguration;
			buildSettings = {
				ASSETCATALOG_COMPILER_APPICON_NAME = AppIcon;
				ASSETCATALOG_COMPILER_GLOBAL_ACCENT_COLOR_NAME = AccentColor;
				CODE_SIGN_STYLE = Automatic;
				CURRENT_PROJECT_VERSION = 1;
				DEVELOPMENT_ASSET_PATHS = "\"Todo/Preview Content\"";
				DEVELOPMENT_TEAM = QG3YZK6HZG;
				ENABLE_PREVIEWS = YES;
				GENERATE_INFOPLIST_FILE = YES;
				INFOPLIST_KEY_UIApplicationSceneManifest_Generation = YES;
				INFOPLIST_KEY_UIApplicationSupportsIndirectInputEvents = YES;
				INFOPLIST_KEY_UILaunchScreen_Generation = YES;
				INFOPLIST_KEY_UISupportedInterfaceOrientations_iPad = "UIInterfaceOrientationPortrait UIInterfaceOrientationPortraitUpsideDown UIInterfaceOrientationLandscapeLeft UIInterfaceOrientationLandscapeRight";
				INFOPLIST_KEY_UISupportedInterfaceOrientations_iPhone = "UIInterfaceOrientationPortrait UIInterfaceOrientationLandscapeLeft UIInterfaceOrientationLandscapeRight";
				IPHONEOS_DEPLOYMENT_TARGET = 16.0;
				LD_RUNPATH_SEARCH_PATHS = (
					"$(inherited)",
					"@executable_path/Frameworks",
				);
				MARKETING_VERSION = 1.0;
				PRODUCT_BUNDLE_IDENTIFIER = me.Thomas.Howard.Todo;
				PRODUCT_NAME = "$(TARGET_NAME)";
				SWIFT_EMIT_LOC_STRINGS = YES;
				SWIFT_VERSION = 5.0;
				TARGETED_DEVICE_FAMILY = "1,2";
			};
			name = Release;
		};
/* End XCBuildConfiguration section */

/* Begin XCConfigurationList section */
		F3FA1D9529B30CE40093B908 /* Build configuration list for PBXProject "Todo" */ = {
			isa = XCConfigurationList;
			buildConfigurations = (
				F3FA1DA629B30CE40093B908 /* Debug */,
				F3FA1DA729B30CE40093B908 /* Release */,
			);
			defaultConfigurationIsVisible = 0;
			defaultConfigurationName = Release;
		};
		F3FA1DA829B30CE40093B908 /* Build configuration list for PBXNativeTarget "Todo" */ = {
			isa = XCConfigurationList;
			buildConfigurations = (
				F3FA1DA929B30CE40093B908 /* Debug */,
				F3FA1DAA29B30CE40093B908 /* Release */,
			);
			defaultConfigurationIsVisible = 0;
			defaultConfigurationName = Release;
		};
/* End XCConfigurationList section */

/* Begin XCVersionGroup section */
		F317557829FC8FA5002CC59E /* TodoContainer.xcdatamodeld */ = {
			isa = XCVersionGroup;
			children = (
				F317557929FC8FA5002CC59E /* Todo.xcdatamodel */,
			);
			currentVersion = F317557929FC8FA5002CC59E /* Todo.xcdatamodel */;
			path = TodoContainer.xcdatamodeld;
			sourceTree = "<group>";
			versionGroupType = wrapper.xcdatamodel;
		};
/* End XCVersionGroup section */
	};
	rootObject = F3FA1D9229B30CE40093B908 /* Project object */;
}
